// !$*UTF8*$!
{
	archiveVersion = 1;
	classes = {
	};
	objectVersion = 46;
	objects = {

/* Begin PBXBuildFile section */
		DE41EF2D1BE2096D00F1642A /* Common.m in Sources */ = {isa = PBXBuildFile; fileRef = DE41EF2C1BE2096D00F1642A /* Common.m */; settings = {ASSET_TAGS = (); }; };
		DE41EF301BE20CF800F1642A /* UIBarButtonItem+WB.m in Sources */ = {isa = PBXBuildFile; fileRef = DE41EF2F1BE20CF800F1642A /* UIBarButtonItem+WB.m */; settings = {ASSET_TAGS = (); }; };
		DE41EF331BE2154800F1642A /* WBSearchBar.m in Sources */ = {isa = PBXBuildFile; fileRef = DE41EF321BE2154800F1642A /* WBSearchBar.m */; settings = {ASSET_TAGS = (); }; };
		DE41EF361BE21FFD00F1642A /* WBTitleButton.m in Sources */ = {isa = PBXBuildFile; fileRef = DE41EF351BE21FFD00F1642A /* WBTitleButton.m */; settings = {ASSET_TAGS = (); }; };
		DEAE8E6B1BDCE40400812967 /* main.m in Sources */ = {isa = PBXBuildFile; fileRef = DEAE8E6A1BDCE40400812967 /* main.m */; };
		DEAE8E6E1BDCE40400812967 /* AppDelegate.m in Sources */ = {isa = PBXBuildFile; fileRef = DEAE8E6D1BDCE40400812967 /* AppDelegate.m */; };
		DEAE8E741BDCE40400812967 /* Main.storyboard in Resources */ = {isa = PBXBuildFile; fileRef = DEAE8E721BDCE40400812967 /* Main.storyboard */; };
		DEAE8E761BDCE40400812967 /* Assets.xcassets in Resources */ = {isa = PBXBuildFile; fileRef = DEAE8E751BDCE40400812967 /* Assets.xcassets */; };
		DEAE8E791BDCE40400812967 /* LaunchScreen.storyboard in Resources */ = {isa = PBXBuildFile; fileRef = DEAE8E771BDCE40400812967 /* LaunchScreen.storyboard */; };
		DEAE8E841BDCE40400812967 /* iOS_weiboTests.m in Sources */ = {isa = PBXBuildFile; fileRef = DEAE8E831BDCE40400812967 /* iOS_weiboTests.m */; };
		DEAE8E8F1BDCE40400812967 /* iOS_weiboUITests.m in Sources */ = {isa = PBXBuildFile; fileRef = DEAE8E8E1BDCE40400812967 /* iOS_weiboUITests.m */; };
		DEAE8E9E1BDCEB9300812967 /* TabBarViewController.m in Sources */ = {isa = PBXBuildFile; fileRef = DEAE8E9D1BDCEB9300812967 /* TabBarViewController.m */; settings = {ASSET_TAGS = (); }; };
		DEAE8EB01BDCED0D00812967 /* MeViewController.m in Sources */ = {isa = PBXBuildFile; fileRef = DEAE8EAF1BDCED0D00812967 /* MeViewController.m */; settings = {ASSET_TAGS = (); }; };
		DEAE8EB31BDCED2300812967 /* MessageViewController.m in Sources */ = {isa = PBXBuildFile; fileRef = DEAE8EB21BDCED2300812967 /* MessageViewController.m */; settings = {ASSET_TAGS = (); }; };
		DEAE8EB61BDCED3F00812967 /* HomeViewController.m in Sources */ = {isa = PBXBuildFile; fileRef = DEAE8EB51BDCED3F00812967 /* HomeViewController.m */; settings = {ASSET_TAGS = (); }; };
		DEAE8EB91BDCED5200812967 /* DiscoverViewController.m in Sources */ = {isa = PBXBuildFile; fileRef = DEAE8EB81BDCED5200812967 /* DiscoverViewController.m */; settings = {ASSET_TAGS = (); }; };
		DEAE8ED41BDD012300812967 /* UIImage+WB.m in Sources */ = {isa = PBXBuildFile; fileRef = DEAE8ED31BDD012300812967 /* UIImage+WB.m */; settings = {ASSET_TAGS = (); }; };
		DEAE8EDA1BDD07F000812967 /* WBTabBar.m in Sources */ = {isa = PBXBuildFile; fileRef = DEAE8ED91BDD07F000812967 /* WBTabBar.m */; settings = {ASSET_TAGS = (); }; };
		DEAE8EDD1BDD177F00812967 /* TabBarButton.m in Sources */ = {isa = PBXBuildFile; fileRef = DEAE8EDC1BDD177F00812967 /* TabBarButton.m */; settings = {ASSET_TAGS = (); }; };
		DEAE8EE01BDE1ED500812967 /* WBBadgeButton.m in Sources */ = {isa = PBXBuildFile; fileRef = DEAE8EDF1BDE1ED500812967 /* WBBadgeButton.m */; settings = {ASSET_TAGS = (); }; };
		DEAE8EE31BE0DCCE00812967 /* WBNavigationController.m in Sources */ = {isa = PBXBuildFile; fileRef = DEAE8EE21BE0DCCE00812967 /* WBNavigationController.m */; settings = {ASSET_TAGS = (); }; };
/* End PBXBuildFile section */

/* Begin PBXContainerItemProxy section */
		DEAE8E801BDCE40400812967 /* PBXContainerItemProxy */ = {
			isa = PBXContainerItemProxy;
			containerPortal = DEAE8E5E1BDCE40400812967 /* Project object */;
			proxyType = 1;
			remoteGlobalIDString = DEAE8E651BDCE40400812967;
			remoteInfo = "iOS-weibo";
		};
		DEAE8E8B1BDCE40400812967 /* PBXContainerItemProxy */ = {
			isa = PBXContainerItemProxy;
			containerPortal = DEAE8E5E1BDCE40400812967 /* Project object */;
			proxyType = 1;
			remoteGlobalIDString = DEAE8E651BDCE40400812967;
			remoteInfo = "iOS-weibo";
		};
/* End PBXContainerItemProxy section */

/* Begin PBXFileReference section */
		DE41EF2B1BE2096D00F1642A /* Common.h */ = {isa = PBXFileReference; fileEncoding = 4; lastKnownFileType = sourcecode.c.h; path = Common.h; sourceTree = "<group>"; };
		DE41EF2C1BE2096D00F1642A /* Common.m */ = {isa = PBXFileReference; fileEncoding = 4; lastKnownFileType = sourcecode.c.objc; path = Common.m; sourceTree = "<group>"; };
		DE41EF2E1BE20CF800F1642A /* UIBarButtonItem+WB.h */ = {isa = PBXFileReference; fileEncoding = 4; lastKnownFileType = sourcecode.c.h; path = "UIBarButtonItem+WB.h"; sourceTree = "<group>"; };
		DE41EF2F1BE20CF800F1642A /* UIBarButtonItem+WB.m */ = {isa = PBXFileReference; fileEncoding = 4; lastKnownFileType = sourcecode.c.objc; path = "UIBarButtonItem+WB.m"; sourceTree = "<group>"; };
		DE41EF311BE2154800F1642A /* WBSearchBar.h */ = {isa = PBXFileReference; fileEncoding = 4; lastKnownFileType = sourcecode.c.h; path = WBSearchBar.h; sourceTree = "<group>"; };
		DE41EF321BE2154800F1642A /* WBSearchBar.m */ = {isa = PBXFileReference; fileEncoding = 4; lastKnownFileType = sourcecode.c.objc; path = WBSearchBar.m; sourceTree = "<group>"; };
		DE41EF341BE21FFD00F1642A /* WBTitleButton.h */ = {isa = PBXFileReference; fileEncoding = 4; lastKnownFileType = sourcecode.c.h; path = WBTitleButton.h; sourceTree = "<group>"; };
		DE41EF351BE21FFD00F1642A /* WBTitleButton.m */ = {isa = PBXFileReference; fileEncoding = 4; lastKnownFileType = sourcecode.c.objc; path = WBTitleButton.m; sourceTree = "<group>"; };
		DEAE8E661BDCE40400812967 /* iOS-weibo.app */ = {isa = PBXFileReference; explicitFileType = wrapper.application; includeInIndex = 0; path = "iOS-weibo.app"; sourceTree = BUILT_PRODUCTS_DIR; };
		DEAE8E6A1BDCE40400812967 /* main.m */ = {isa = PBXFileReference; lastKnownFileType = sourcecode.c.objc; path = main.m; sourceTree = "<group>"; };
		DEAE8E6C1BDCE40400812967 /* AppDelegate.h */ = {isa = PBXFileReference; lastKnownFileType = sourcecode.c.h; path = AppDelegate.h; sourceTree = "<group>"; };
		DEAE8E6D1BDCE40400812967 /* AppDelegate.m */ = {isa = PBXFileReference; lastKnownFileType = sourcecode.c.objc; path = AppDelegate.m; sourceTree = "<group>"; };
		DEAE8E731BDCE40400812967 /* Base */ = {isa = PBXFileReference; lastKnownFileType = file.storyboard; name = Base; path = Base.lproj/Main.storyboard; sourceTree = "<group>"; };
		DEAE8E751BDCE40400812967 /* Assets.xcassets */ = {isa = PBXFileReference; lastKnownFileType = folder.assetcatalog; path = Assets.xcassets; sourceTree = "<group>"; };
		DEAE8E781BDCE40400812967 /* Base */ = {isa = PBXFileReference; lastKnownFileType = file.storyboard; name = Base; path = Base.lproj/LaunchScreen.storyboard; sourceTree = "<group>"; };
		DEAE8E7A1BDCE40400812967 /* Info.plist */ = {isa = PBXFileReference; lastKnownFileType = text.plist.xml; path = Info.plist; sourceTree = "<group>"; };
		DEAE8E7F1BDCE40400812967 /* iOS-weiboTests.xctest */ = {isa = PBXFileReference; explicitFileType = wrapper.cfbundle; includeInIndex = 0; path = "iOS-weiboTests.xctest"; sourceTree = BUILT_PRODUCTS_DIR; };
		DEAE8E831BDCE40400812967 /* iOS_weiboTests.m */ = {isa = PBXFileReference; lastKnownFileType = sourcecode.c.objc; path = iOS_weiboTests.m; sourceTree = "<group>"; };
		DEAE8E851BDCE40400812967 /* Info.plist */ = {isa = PBXFileReference; lastKnownFileType = text.plist.xml; path = Info.plist; sourceTree = "<group>"; };
		DEAE8E8A1BDCE40400812967 /* iOS-weiboUITests.xctest */ = {isa = PBXFileReference; explicitFileType = wrapper.cfbundle; includeInIndex = 0; path = "iOS-weiboUITests.xctest"; sourceTree = BUILT_PRODUCTS_DIR; };
		DEAE8E8E1BDCE40400812967 /* iOS_weiboUITests.m */ = {isa = PBXFileReference; lastKnownFileType = sourcecode.c.objc; path = iOS_weiboUITests.m; sourceTree = "<group>"; };
		DEAE8E901BDCE40400812967 /* Info.plist */ = {isa = PBXFileReference; lastKnownFileType = text.plist.xml; path = Info.plist; sourceTree = "<group>"; };
		DEAE8E9C1BDCEB9300812967 /* TabBarViewController.h */ = {isa = PBXFileReference; fileEncoding = 4; lastKnownFileType = sourcecode.c.h; path = TabBarViewController.h; sourceTree = "<group>"; };
		DEAE8E9D1BDCEB9300812967 /* TabBarViewController.m */ = {isa = PBXFileReference; fileEncoding = 4; lastKnownFileType = sourcecode.c.objc; path = TabBarViewController.m; sourceTree = "<group>"; };
		DEAE8EAE1BDCED0D00812967 /* MeViewController.h */ = {isa = PBXFileReference; fileEncoding = 4; lastKnownFileType = sourcecode.c.h; path = MeViewController.h; sourceTree = "<group>"; };
		DEAE8EAF1BDCED0D00812967 /* MeViewController.m */ = {isa = PBXFileReference; fileEncoding = 4; lastKnownFileType = sourcecode.c.objc; path = MeViewController.m; sourceTree = "<group>"; };
		DEAE8EB11BDCED2300812967 /* MessageViewController.h */ = {isa = PBXFileReference; fileEncoding = 4; lastKnownFileType = sourcecode.c.h; path = MessageViewController.h; sourceTree = "<group>"; };
		DEAE8EB21BDCED2300812967 /* MessageViewController.m */ = {isa = PBXFileReference; fileEncoding = 4; lastKnownFileType = sourcecode.c.objc; path = MessageViewController.m; sourceTree = "<group>"; };
		DEAE8EB41BDCED3F00812967 /* HomeViewController.h */ = {isa = PBXFileReference; fileEncoding = 4; lastKnownFileType = sourcecode.c.h; path = HomeViewController.h; sourceTree = "<group>"; };
		DEAE8EB51BDCED3F00812967 /* HomeViewController.m */ = {isa = PBXFileReference; fileEncoding = 4; lastKnownFileType = sourcecode.c.objc; path = HomeViewController.m; sourceTree = "<group>"; };
		DEAE8EB71BDCED5200812967 /* DiscoverViewController.h */ = {isa = PBXFileReference; fileEncoding = 4; lastKnownFileType = sourcecode.c.h; path = DiscoverViewController.h; sourceTree = "<group>"; };
		DEAE8EB81BDCED5200812967 /* DiscoverViewController.m */ = {isa = PBXFileReference; fileEncoding = 4; lastKnownFileType = sourcecode.c.objc; path = DiscoverViewController.m; sourceTree = "<group>"; };
		DEAE8ED21BDD012300812967 /* UIImage+WB.h */ = {isa = PBXFileReference; fileEncoding = 4; lastKnownFileType = sourcecode.c.h; path = "UIImage+WB.h"; sourceTree = "<group>"; };
		DEAE8ED31BDD012300812967 /* UIImage+WB.m */ = {isa = PBXFileReference; fileEncoding = 4; lastKnownFileType = sourcecode.c.objc; path = "UIImage+WB.m"; sourceTree = "<group>"; };
		DEAE8ED81BDD07F000812967 /* WBTabBar.h */ = {isa = PBXFileReference; fileEncoding = 4; lastKnownFileType = sourcecode.c.h; path = WBTabBar.h; sourceTree = "<group>"; };
		DEAE8ED91BDD07F000812967 /* WBTabBar.m */ = {isa = PBXFileReference; fileEncoding = 4; lastKnownFileType = sourcecode.c.objc; path = WBTabBar.m; sourceTree = "<group>"; };
		DEAE8EDB1BDD177F00812967 /* TabBarButton.h */ = {isa = PBXFileReference; fileEncoding = 4; lastKnownFileType = sourcecode.c.h; path = TabBarButton.h; sourceTree = "<group>"; };
		DEAE8EDC1BDD177F00812967 /* TabBarButton.m */ = {isa = PBXFileReference; fileEncoding = 4; lastKnownFileType = sourcecode.c.objc; path = TabBarButton.m; sourceTree = "<group>"; };
		DEAE8EDE1BDE1ED500812967 /* WBBadgeButton.h */ = {isa = PBXFileReference; fileEncoding = 4; lastKnownFileType = sourcecode.c.h; path = WBBadgeButton.h; sourceTree = "<group>"; };
		DEAE8EDF1BDE1ED500812967 /* WBBadgeButton.m */ = {isa = PBXFileReference; fileEncoding = 4; lastKnownFileType = sourcecode.c.objc; path = WBBadgeButton.m; sourceTree = "<group>"; };
		DEAE8EE11BE0DCCE00812967 /* WBNavigationController.h */ = {isa = PBXFileReference; fileEncoding = 4; lastKnownFileType = sourcecode.c.h; path = WBNavigationController.h; sourceTree = "<group>"; };
		DEAE8EE21BE0DCCE00812967 /* WBNavigationController.m */ = {isa = PBXFileReference; fileEncoding = 4; lastKnownFileType = sourcecode.c.objc; path = WBNavigationController.m; sourceTree = "<group>"; };
/* End PBXFileReference section */

/* Begin PBXFrameworksBuildPhase section */
		DEAE8E631BDCE40400812967 /* Frameworks */ = {
			isa = PBXFrameworksBuildPhase;
			buildActionMask = 2147483647;
			files = (
			);
			runOnlyForDeploymentPostprocessing = 0;
		};
		DEAE8E7C1BDCE40400812967 /* Frameworks */ = {
			isa = PBXFrameworksBuildPhase;
			buildActionMask = 2147483647;
			files = (
			);
			runOnlyForDeploymentPostprocessing = 0;
		};
		DEAE8E871BDCE40400812967 /* Frameworks */ = {
			isa = PBXFrameworksBuildPhase;
			buildActionMask = 2147483647;
			files = (
			);
			runOnlyForDeploymentPostprocessing = 0;
		};
/* End PBXFrameworksBuildPhase section */

/* Begin PBXGroup section */
		DEAE8E5D1BDCE40400812967 = {
			isa = PBXGroup;
			children = (
				DEAE8E681BDCE40400812967 /* iOS-weibo */,
				DEAE8E821BDCE40400812967 /* iOS-weiboTests */,
				DEAE8E8D1BDCE40400812967 /* iOS-weiboUITests */,
				DEAE8E671BDCE40400812967 /* Products */,
			);
			sourceTree = "<group>";
		};
		DEAE8E671BDCE40400812967 /* Products */ = {
			isa = PBXGroup;
			children = (
				DEAE8E661BDCE40400812967 /* iOS-weibo.app */,
				DEAE8E7F1BDCE40400812967 /* iOS-weiboTests.xctest */,
				DEAE8E8A1BDCE40400812967 /* iOS-weiboUITests.xctest */,
			);
			name = Products;
			sourceTree = "<group>";
		};
		DEAE8E681BDCE40400812967 /* iOS-weibo */ = {
			isa = PBXGroup;
			children = (
				DEAE8EBA1BDCF6CD00812967 /* Classes */,
				DEAE8E721BDCE40400812967 /* Main.storyboard */,
				DEAE8E751BDCE40400812967 /* Assets.xcassets */,
				DEAE8E771BDCE40400812967 /* LaunchScreen.storyboard */,
				DEAE8E7A1BDCE40400812967 /* Info.plist */,
				DEAE8E691BDCE40400812967 /* Supporting Files */,
			);
			path = "iOS-weibo";
			sourceTree = "<group>";
		};
		DEAE8E691BDCE40400812967 /* Supporting Files */ = {
			isa = PBXGroup;
			children = (
				DEAE8E6A1BDCE40400812967 /* main.m */,
			);
			name = "Supporting Files";
			sourceTree = "<group>";
		};
		DEAE8E821BDCE40400812967 /* iOS-weiboTests */ = {
			isa = PBXGroup;
			children = (
				DEAE8E831BDCE40400812967 /* iOS_weiboTests.m */,
				DEAE8E851BDCE40400812967 /* Info.plist */,
			);
			path = "iOS-weiboTests";
			sourceTree = "<group>";
		};
		DEAE8E8D1BDCE40400812967 /* iOS-weiboUITests */ = {
			isa = PBXGroup;
			children = (
				DEAE8E8E1BDCE40400812967 /* iOS_weiboUITests.m */,
				DEAE8E901BDCE40400812967 /* Info.plist */,
			);
			path = "iOS-weiboUITests";
			sourceTree = "<group>";
		};
		DEAE8EBA1BDCF6CD00812967 /* Classes */ = {
			isa = PBXGroup;
			children = (
				DEAE8ECF1BDCF8A000812967 /* Other */,
				DEAE8EC51BDCF7E800812967 /* Message */,
				DEAE8EC41BDCF7E100812967 /* Me */,
				DEAE8EC31BDCF7D700812967 /* Discover */,
				DEAE8EBC1BDCF71100812967 /* Home */,
				DEAE8EBB1BDCF6E200812967 /* Main */,
			);
			name = Classes;
			sourceTree = "<group>";
		};
		DEAE8EBB1BDCF6E200812967 /* Main */ = {
			isa = PBXGroup;
			children = (
				DEAE8EBF1BDCF78D00812967 /* View */,
				DEAE8EBE1BDCF78100812967 /* Model */,
				DEAE8EBD1BDCF76B00812967 /* Controller */,
			);
			name = Main;
			sourceTree = "<group>";
		};
		DEAE8EBC1BDCF71100812967 /* Home */ = {
			isa = PBXGroup;
			children = (
				DEAE8EC21BDCF7B600812967 /* Model */,
				DEAE8EC11BDCF7AF00812967 /* View */,
				DEAE8EC01BDCF7A000812967 /* Controller */,
			);
			name = Home;
			sourceTree = "<group>";
		};
		DEAE8EBD1BDCF76B00812967 /* Controller */ = {
			isa = PBXGroup;
			children = (
				DEAE8E9C1BDCEB9300812967 /* TabBarViewController.h */,
				DEAE8E9D1BDCEB9300812967 /* TabBarViewController.m */,
				DEAE8EE11BE0DCCE00812967 /* WBNavigationController.h */,
				DEAE8EE21BE0DCCE00812967 /* WBNavigationController.m */,
			);
			name = Controller;
			sourceTree = "<group>";
		};
		DEAE8EBE1BDCF78100812967 /* Model */ = {
			isa = PBXGroup;
			children = (
			);
			name = Model;
			sourceTree = "<group>";
		};
		DEAE8EBF1BDCF78D00812967 /* View */ = {
			isa = PBXGroup;
			children = (
				DEAE8ED81BDD07F000812967 /* WBTabBar.h */,
				DEAE8ED91BDD07F000812967 /* WBTabBar.m */,
				DEAE8EDB1BDD177F00812967 /* TabBarButton.h */,
				DEAE8EDC1BDD177F00812967 /* TabBarButton.m */,
				DEAE8EDE1BDE1ED500812967 /* WBBadgeButton.h */,
				DEAE8EDF1BDE1ED500812967 /* WBBadgeButton.m */,
			);
			name = View;
			sourceTree = "<group>";
		};
		DEAE8EC01BDCF7A000812967 /* Controller */ = {
			isa = PBXGroup;
			children = (
				DEAE8EB41BDCED3F00812967 /* HomeViewController.h */,
				DEAE8EB51BDCED3F00812967 /* HomeViewController.m */,
			);
			name = Controller;
			sourceTree = "<group>";
		};
		DEAE8EC11BDCF7AF00812967 /* View */ = {
			isa = PBXGroup;
			children = (
				DE41EF341BE21FFD00F1642A /* WBTitleButton.h */,
				DE41EF351BE21FFD00F1642A /* WBTitleButton.m */,
			);
			name = View;
			sourceTree = "<group>";
		};
		DEAE8EC21BDCF7B600812967 /* Model */ = {
			isa = PBXGroup;
			children = (
			);
			name = Model;
			sourceTree = "<group>";
		};
		DEAE8EC31BDCF7D700812967 /* Discover */ = {
			isa = PBXGroup;
			children = (
				DEAE8ECE1BDCF85000812967 /* View */,
				DEAE8ECD1BDCF84B00812967 /* Model */,
				DEAE8ECC1BDCF84500812967 /* Controller */,
			);
			name = Discover;
			sourceTree = "<group>";
		};
		DEAE8EC41BDCF7E100812967 /* Me */ = {
			isa = PBXGroup;
			children = (
				DEAE8ECB1BDCF83300812967 /* Model */,
				DEAE8ECA1BDCF82D00812967 /* View */,
				DEAE8EC91BDCF82600812967 /* Controller */,
			);
			name = Me;
			sourceTree = "<group>";
		};
		DEAE8EC51BDCF7E800812967 /* Message */ = {
			isa = PBXGroup;
			children = (
				DEAE8EC81BDCF7FF00812967 /* Model */,
				DEAE8EC71BDCF7FA00812967 /* View */,
				DEAE8EC61BDCF7F100812967 /* Controller */,
			);
			name = Message;
			sourceTree = "<group>";
		};
		DEAE8EC61BDCF7F100812967 /* Controller */ = {
			isa = PBXGroup;
			children = (
				DEAE8EB11BDCED2300812967 /* MessageViewController.h */,
				DEAE8EB21BDCED2300812967 /* MessageViewController.m */,
			);
			name = Controller;
			sourceTree = "<group>";
		};
		DEAE8EC71BDCF7FA00812967 /* View */ = {
			isa = PBXGroup;
			children = (
			);
			name = View;
			sourceTree = "<group>";
		};
		DEAE8EC81BDCF7FF00812967 /* Model */ = {
			isa = PBXGroup;
			children = (
			);
			name = Model;
			sourceTree = "<group>";
		};
		DEAE8EC91BDCF82600812967 /* Controller */ = {
			isa = PBXGroup;
			children = (
				DEAE8EAE1BDCED0D00812967 /* MeViewController.h */,
				DEAE8EAF1BDCED0D00812967 /* MeViewController.m */,
			);
			name = Controller;
			sourceTree = "<group>";
		};
		DEAE8ECA1BDCF82D00812967 /* View */ = {
			isa = PBXGroup;
			children = (
			);
			name = View;
			sourceTree = "<group>";
		};
		DEAE8ECB1BDCF83300812967 /* Model */ = {
			isa = PBXGroup;
			children = (
			);
			name = Model;
			sourceTree = "<group>";
		};
		DEAE8ECC1BDCF84500812967 /* Controller */ = {
			isa = PBXGroup;
			children = (
				DEAE8EB71BDCED5200812967 /* DiscoverViewController.h */,
				DEAE8EB81BDCED5200812967 /* DiscoverViewController.m */,
			);
			name = Controller;
			sourceTree = "<group>";
		};
		DEAE8ECD1BDCF84B00812967 /* Model */ = {
			isa = PBXGroup;
			children = (
			);
			name = Model;
			sourceTree = "<group>";
		};
		DEAE8ECE1BDCF85000812967 /* View */ = {
			isa = PBXGroup;
			children = (
				DE41EF311BE2154800F1642A /* WBSearchBar.h */,
				DE41EF321BE2154800F1642A /* WBSearchBar.m */,
			);
			name = View;
			sourceTree = "<group>";
		};
		DEAE8ECF1BDCF8A000812967 /* Other */ = {
			isa = PBXGroup;
			children = (
				DEAE8ED11BDD007400812967 /* Category */,
				DEAE8E6C1BDCE40400812967 /* AppDelegate.h */,
				DEAE8E6D1BDCE40400812967 /* AppDelegate.m */,
				DE41EF2B1BE2096D00F1642A /* Common.h */,
				DE41EF2C1BE2096D00F1642A /* Common.m */,
			);
			name = Other;
			sourceTree = "<group>";
		};
		DEAE8ED11BDD007400812967 /* Category */ = {
			isa = PBXGroup;
			children = (
				DEAE8ED21BDD012300812967 /* UIImage+WB.h */,
				DEAE8ED31BDD012300812967 /* UIImage+WB.m */,
				DE41EF2E1BE20CF800F1642A /* UIBarButtonItem+WB.h */,
				DE41EF2F1BE20CF800F1642A /* UIBarButtonItem+WB.m */,
			);
			name = Category;
			sourceTree = "<group>";
		};
/* End PBXGroup section */

/* Begin PBXNativeTarget section */
		DEAE8E651BDCE40400812967 /* iOS-weibo */ = {
			isa = PBXNativeTarget;
			buildConfigurationList = DEAE8E931BDCE40500812967 /* Build configuration list for PBXNativeTarget "iOS-weibo" */;
			buildPhases = (
				DEAE8E621BDCE40400812967 /* Sources */,
				DEAE8E631BDCE40400812967 /* Frameworks */,
				DEAE8E641BDCE40400812967 /* Resources */,
			);
			buildRules = (
			);
			dependencies = (
			);
			name = "iOS-weibo";
			productName = "iOS-weibo";
			productReference = DEAE8E661BDCE40400812967 /* iOS-weibo.app */;
			productType = "com.apple.product-type.application";
		};
		DEAE8E7E1BDCE40400812967 /* iOS-weiboTests */ = {
			isa = PBXNativeTarget;
			buildConfigurationList = DEAE8E961BDCE40500812967 /* Build configuration list for PBXNativeTarget "iOS-weiboTests" */;
			buildPhases = (
				DEAE8E7B1BDCE40400812967 /* Sources */,
				DEAE8E7C1BDCE40400812967 /* Frameworks */,
				DEAE8E7D1BDCE40400812967 /* Resources */,
			);
			buildRules = (
			);
			dependencies = (
				DEAE8E811BDCE40400812967 /* PBXTargetDependency */,
			);
			name = "iOS-weiboTests";
			productName = "iOS-weiboTests";
			productReference = DEAE8E7F1BDCE40400812967 /* iOS-weiboTests.xctest */;
			productType = "com.apple.product-type.bundle.unit-test";
		};
		DEAE8E891BDCE40400812967 /* iOS-weiboUITests */ = {
			isa = PBXNativeTarget;
			buildConfigurationList = DEAE8E991BDCE40500812967 /* Build configuration list for PBXNativeTarget "iOS-weiboUITests" */;
			buildPhases = (
				DEAE8E861BDCE40400812967 /* Sources */,
				DEAE8E871BDCE40400812967 /* Frameworks */,
				DEAE8E881BDCE40400812967 /* Resources */,
			);
			buildRules = (
			);
			dependencies = (
				DEAE8E8C1BDCE40400812967 /* PBXTargetDependency */,
			);
			name = "iOS-weiboUITests";
			productName = "iOS-weiboUITests";
			productReference = DEAE8E8A1BDCE40400812967 /* iOS-weiboUITests.xctest */;
			productType = "com.apple.product-type.bundle.ui-testing";
		};
/* End PBXNativeTarget section */

/* Begin PBXProject section */
		DEAE8E5E1BDCE40400812967 /* Project object */ = {
			isa = PBXProject;
			attributes = {
				LastUpgradeCheck = 0700;
				ORGANIZATIONNAME = terry;
				TargetAttributes = {
					DEAE8E651BDCE40400812967 = {
						CreatedOnToolsVersion = 7.0.1;
					};
					DEAE8E7E1BDCE40400812967 = {
						CreatedOnToolsVersion = 7.0.1;
						TestTargetID = DEAE8E651BDCE40400812967;
					};
					DEAE8E891BDCE40400812967 = {
						CreatedOnToolsVersion = 7.0.1;
						TestTargetID = DEAE8E651BDCE40400812967;
					};
				};
			};
			buildConfigurationList = DEAE8E611BDCE40400812967 /* Build configuration list for PBXProject "iOS-weibo" */;
			compatibilityVersion = "Xcode 3.2";
			developmentRegion = English;
			hasScannedForEncodings = 0;
			knownRegions = (
				en,
				Base,
			);
			mainGroup = DEAE8E5D1BDCE40400812967;
			productRefGroup = DEAE8E671BDCE40400812967 /* Products */;
			projectDirPath = "";
			projectRoot = "";
			targets = (
				DEAE8E651BDCE40400812967 /* iOS-weibo */,
				DEAE8E7E1BDCE40400812967 /* iOS-weiboTests */,
				DEAE8E891BDCE40400812967 /* iOS-weiboUITests */,
			);
		};
/* End PBXProject section */

/* Begin PBXResourcesBuildPhase section */
		DEAE8E641BDCE40400812967 /* Resources */ = {
			isa = PBXResourcesBuildPhase;
			buildActionMask = 2147483647;
			files = (
				DEAE8E791BDCE40400812967 /* LaunchScreen.storyboard in Resources */,
				DEAE8E761BDCE40400812967 /* Assets.xcassets in Resources */,
				DEAE8E741BDCE40400812967 /* Main.storyboard in Resources */,
			);
			runOnlyForDeploymentPostprocessing = 0;
		};
		DEAE8E7D1BDCE40400812967 /* Resources */ = {
			isa = PBXResourcesBuildPhase;
			buildActionMask = 2147483647;
			files = (
			);
			runOnlyForDeploymentPostprocessing = 0;
		};
		DEAE8E881BDCE40400812967 /* Resources */ = {
			isa = PBXResourcesBuildPhase;
			buildActionMask = 2147483647;
			files = (
			);
			runOnlyForDeploymentPostprocessing = 0;
		};
/* End PBXResourcesBuildPhase section */

/* Begin PBXSourcesBuildPhase section */
		DEAE8E621BDCE40400812967 /* Sources */ = {
			isa = PBXSourcesBuildPhase;
			buildActionMask = 2147483647;
			files = (
				DEAE8EE31BE0DCCE00812967 /* WBNavigationController.m in Sources */,
				DE41EF361BE21FFD00F1642A /* WBTitleButton.m in Sources */,
				DEAE8EB01BDCED0D00812967 /* MeViewController.m in Sources */,
				DEAE8EB91BDCED5200812967 /* DiscoverViewController.m in Sources */,
				DEAE8EE01BDE1ED500812967 /* WBBadgeButton.m in Sources */,
				DEAE8E9E1BDCEB9300812967 /* TabBarViewController.m in Sources */,
				DEAE8E6E1BDCE40400812967 /* AppDelegate.m in Sources */,
				DEAE8ED41BDD012300812967 /* UIImage+WB.m in Sources */,
				DEAE8E6B1BDCE40400812967 /* main.m in Sources */,
				DEAE8EDA1BDD07F000812967 /* WBTabBar.m in Sources */,
				DE41EF301BE20CF800F1642A /* UIBarButtonItem+WB.m in Sources */,
				DE41EF331BE2154800F1642A /* WBSearchBar.m in Sources */,
				DEAE8EDD1BDD177F00812967 /* TabBarButton.m in Sources */,
				DE41EF2D1BE2096D00F1642A /* Common.m in Sources */,
				DEAE8EB61BDCED3F00812967 /* HomeViewController.m in Sources */,
				DEAE8EB31BDCED2300812967 /* MessageViewController.m in Sources */,
			);
			runOnlyForDeploymentPostprocessing = 0;
		};
		DEAE8E7B1BDCE40400812967 /* Sources */ = {
			isa = PBXSourcesBuildPhase;
			buildActionMask = 2147483647;
			files = (
				DEAE8E841BDCE40400812967 /* iOS_weiboTests.m in Sources */,
			);
			runOnlyForDeploymentPostprocessing = 0;
		};
		DEAE8E861BDCE40400812967 /* Sources */ = {
			isa = PBXSourcesBuildPhase;
			buildActionMask = 2147483647;
			files = (
				DEAE8E8F1BDCE40400812967 /* iOS_weiboUITests.m in Sources */,
			);
			runOnlyForDeploymentPostprocessing = 0;
		};
/* End PBXSourcesBuildPhase section */

/* Begin PBXTargetDependency section */
		DEAE8E811BDCE40400812967 /* PBXTargetDependency */ = {
			isa = PBXTargetDependency;
			target = DEAE8E651BDCE40400812967 /* iOS-weibo */;
			targetProxy = DEAE8E801BDCE40400812967 /* PBXContainerItemProxy */;
		};
		DEAE8E8C1BDCE40400812967 /* PBXTargetDependency */ = {
			isa = PBXTargetDependency;
			target = DEAE8E651BDCE40400812967 /* iOS-weibo */;
			targetProxy = DEAE8E8B1BDCE40400812967 /* PBXContainerItemProxy */;
		};
/* End PBXTargetDependency section */

/* Begin PBXVariantGroup section */
		DEAE8E721BDCE40400812967 /* Main.storyboard */ = {
			isa = PBXVariantGroup;
			children = (
				DEAE8E731BDCE40400812967 /* Base */,
			);
			name = Main.storyboard;
			sourceTree = "<group>";
		};
		DEAE8E771BDCE40400812967 /* LaunchScreen.storyboard */ = {
			isa = PBXVariantGroup;
			children = (
				DEAE8E781BDCE40400812967 /* Base */,
			);
			name = LaunchScreen.storyboard;
			sourceTree = "<group>";
		};
/* End PBXVariantGroup section */

/* Begin XCBuildConfiguration section */
		DEAE8E911BDCE40400812967 /* Debug */ = {
			isa = XCBuildConfiguration;
			buildSettings = {
				ALWAYS_SEARCH_USER_PATHS = NO;
				CLANG_CXX_LANGUAGE_STANDARD = "gnu++0x";
				CLANG_CXX_LIBRARY = "libc++";
				CLANG_ENABLE_MODULES = YES;
				CLANG_ENABLE_OBJC_ARC = YES;
				CLANG_WARN_BOOL_CONVERSION = YES;
				CLANG_WARN_CONSTANT_CONVERSION = YES;
				CLANG_WARN_DIRECT_OBJC_ISA_USAGE = YES_ERROR;
				CLANG_WARN_EMPTY_BODY = YES;
				CLANG_WARN_ENUM_CONVERSION = YES;
				CLANG_WARN_INT_CONVERSION = YES;
				CLANG_WARN_OBJC_ROOT_CLASS = YES_ERROR;
				CLANG_WARN_UNREACHABLE_CODE = YES;
				CLANG_WARN__DUPLICATE_METHOD_MATCH = YES;
				"CODE_SIGN_IDENTITY[sdk=iphoneos*]" = "iPhone Developer";
				COPY_PHASE_STRIP = NO;
				DEBUG_INFORMATION_FORMAT = dwarf;
				ENABLE_STRICT_OBJC_MSGSEND = YES;
				ENABLE_TESTABILITY = YES;
				GCC_C_LANGUAGE_STANDARD = gnu99;
				GCC_DYNAMIC_NO_PIC = NO;
				GCC_NO_COMMON_BLOCKS = YES;
				GCC_OPTIMIZATION_LEVEL = 0;
				GCC_PREPROCESSOR_DEFINITIONS = (
					"DEBUG=1",
					"$(inherited)",
				);
				GCC_WARN_64_TO_32_BIT_CONVERSION = YES;
				GCC_WARN_ABOUT_RETURN_TYPE = YES_ERROR;
				GCC_WARN_UNDECLARED_SELECTOR = YES;
				GCC_WARN_UNINITIALIZED_AUTOS = YES_AGGRESSIVE;
				GCC_WARN_UNUSED_FUNCTION = YES;
				GCC_WARN_UNUSED_VARIABLE = YES;
				IPHONEOS_DEPLOYMENT_TARGET = 9.0;
				MTL_ENABLE_DEBUG_INFO = YES;
				ONLY_ACTIVE_ARCH = YES;
				SDKROOT = iphoneos;
			};
			name = Debug;
		};
		DEAE8E921BDCE40400812967 /* Release */ = {
			isa = XCBuildConfiguration;
			buildSettings = {
				ALWAYS_SEARCH_USER_PATHS = NO;
				CLANG_CXX_LANGUAGE_STANDARD = "gnu++0x";
				CLANG_CXX_LIBRARY = "libc++";
				CLANG_ENABLE_MODULES = YES;
				CLANG_ENABLE_OBJC_ARC = YES;
				CLANG_WARN_BOOL_CONVERSION = YES;
				CLANG_WARN_CONSTANT_CONVERSION = YES;
				CLANG_WARN_DIRECT_OBJC_ISA_USAGE = YES_ERROR;
				CLANG_WARN_EMPTY_BODY = YES;
				CLANG_WARN_ENUM_CONVERSION = YES;
				CLANG_WARN_INT_CONVERSION = YES;
				CLANG_WARN_OBJC_ROOT_CLASS = YES_ERROR;
				CLANG_WARN_UNREACHABLE_CODE = YES;
				CLANG_WARN__DUPLICATE_METHOD_MATCH = YES;
				"CODE_SIGN_IDENTITY[sdk=iphoneos*]" = "iPhone Developer";
				COPY_PHASE_STRIP = NO;
				DEBUG_INFORMATION_FORMAT = "dwarf-with-dsym";
				ENABLE_NS_ASSERTIONS = NO;
				ENABLE_STRICT_OBJC_MSGSEND = YES;
				GCC_C_LANGUAGE_STANDARD = gnu99;
				GCC_NO_COMMON_BLOCKS = YES;
				GCC_WARN_64_TO_32_BIT_CONVERSION = YES;
				GCC_WARN_ABOUT_RETURN_TYPE = YES_ERROR;
				GCC_WARN_UNDECLARED_SELECTOR = YES;
				GCC_WARN_UNINITIALIZED_AUTOS = YES_AGGRESSIVE;
				GCC_WARN_UNUSED_FUNCTION = YES;
				GCC_WARN_UNUSED_VARIABLE = YES;
				IPHONEOS_DEPLOYMENT_TARGET = 9.0;
				MTL_ENABLE_DEBUG_INFO = NO;
				SDKROOT = iphoneos;
				VALIDATE_PRODUCT = YES;
			};
			name = Release;
		};
		DEAE8E941BDCE40500812967 /* Debug */ = {
			isa = XCBuildConfiguration;
			buildSettings = {
				ASSETCATALOG_COMPILER_APPICON_NAME = AppIcon;
				ASSETCATALOG_COMPILER_LAUNCHIMAGE_NAME = BrandAsset;
				GCC_PRECOMPILE_PREFIX_HEADER = NO;
				INFOPLIST_FILE = "iOS-weibo/Info.plist";
				LD_RUNPATH_SEARCH_PATHS = "$(inherited) @executable_path/Frameworks";
				PRODUCT_BUNDLE_IDENTIFIER = "cn.iOS-weibo";
				PRODUCT_NAME = "$(TARGET_NAME)";
			};
			name = Debug;
		};
		DEAE8E951BDCE40500812967 /* Release */ = {
			isa = XCBuildConfiguration;
			buildSettings = {
				ASSETCATALOG_COMPILER_APPICON_NAME = AppIcon;
				ASSETCATALOG_COMPILER_LAUNCHIMAGE_NAME = BrandAsset;
				GCC_PRECOMPILE_PREFIX_HEADER = NO;
				INFOPLIST_FILE = "iOS-weibo/Info.plist";
				LD_RUNPATH_SEARCH_PATHS = "$(inherited) @executable_path/Frameworks";
				PRODUCT_BUNDLE_IDENTIFIER = "cn.iOS-weibo";
				PRODUCT_NAME = "$(TARGET_NAME)";
			};
			name = Release;
		};
		DEAE8E971BDCE40500812967 /* Debug */ = {
			isa = XCBuildConfiguration;
			buildSettings = {
				BUNDLE_LOADER = "$(TEST_HOST)";
				INFOPLIST_FILE = "iOS-weiboTests/Info.plist";
				LD_RUNPATH_SEARCH_PATHS = "$(inherited) @executable_path/Frameworks @loader_path/Frameworks";
				PRODUCT_BUNDLE_IDENTIFIER = "cn.iOS-weiboTests";
				PRODUCT_NAME = "$(TARGET_NAME)";
				TEST_HOST = "$(BUILT_PRODUCTS_DIR)/iOS-weibo.app/iOS-weibo";
			};
			name = Debug;
		};
		DEAE8E981BDCE40500812967 /* Release */ = {
			isa = XCBuildConfiguration;
			buildSettings = {
				BUNDLE_LOADER = "$(TEST_HOST)";
				INFOPLIST_FILE = "iOS-weiboTests/Info.plist";
				LD_RUNPATH_SEARCH_PATHS = "$(inherited) @executable_path/Frameworks @loader_path/Frameworks";
				PRODUCT_BUNDLE_IDENTIFIER = "cn.iOS-weiboTests";
				PRODUCT_NAME = "$(TARGET_NAME)";
				TEST_HOST = "$(BUILT_PRODUCTS_DIR)/iOS-weibo.app/iOS-weibo";
			};
			name = Release;
		};
		DEAE8E9A1BDCE40500812967 /* Debug */ = {
			isa = XCBuildConfiguration;
			buildSettings = {
				INFOPLIST_FILE = "iOS-weiboUITests/Info.plist";
				LD_RUNPATH_SEARCH_PATHS = "$(inherited) @executable_path/Frameworks @loader_path/Frameworks";
				PRODUCT_BUNDLE_IDENTIFIER = "cn.iOS-weiboUITests";
				PRODUCT_NAME = "$(TARGET_NAME)";
				TEST_TARGET_NAME = "iOS-weibo";
				USES_XCTRUNNER = YES;
			};
			name = Debug;
		};
		DEAE8E9B1BDCE40500812967 /* Release */ = {
			isa = XCBuildConfiguration;
			buildSettings = {
				INFOPLIST_FILE = "iOS-weiboUITests/Info.plist";
				LD_RUNPATH_SEARCH_PATHS = "$(inherited) @executable_path/Frameworks @loader_path/Frameworks";
				PRODUCT_BUNDLE_IDENTIFIER = "cn.iOS-weiboUITests";
				PRODUCT_NAME = "$(TARGET_NAME)";
				TEST_TARGET_NAME = "iOS-weibo";
				USES_XCTRUNNER = YES;
			};
			name = Release;
		};
/* End XCBuildConfiguration section */

/* Begin XCConfigurationList section */
		DEAE8E611BDCE40400812967 /* Build configuration list for PBXProject "iOS-weibo" */ = {
			isa = XCConfigurationList;
			buildConfigurations = (
				DEAE8E911BDCE40400812967 /* Debug */,
				DEAE8E921BDCE40400812967 /* Release */,
			);
			defaultConfigurationIsVisible = 0;
			defaultConfigurationName = Release;
		};
		DEAE8E931BDCE40500812967 /* Build configuration list for PBXNativeTarget "iOS-weibo" */ = {
			isa = XCConfigurationList;
			buildConfigurations = (
				DEAE8E941BDCE40500812967 /* Debug */,
				DEAE8E951BDCE40500812967 /* Release */,
			);
			defaultConfigurationIsVisible = 0;
			defaultConfigurationName = Release;
		};
		DEAE8E961BDCE40500812967 /* Build configuration list for PBXNativeTarget "iOS-weiboTests" */ = {
			isa = XCConfigurationList;
			buildConfigurations = (
				DEAE8E971BDCE40500812967 /* Debug */,
				DEAE8E981BDCE40500812967 /* Release */,
			);
			defaultConfigurationIsVisible = 0;
			defaultConfigurationName = Release;
		};
		DEAE8E991BDCE40500812967 /* Build configuration list for PBXNativeTarget "iOS-weiboUITests" */ = {
			isa = XCConfigurationList;
			buildConfigurations = (
				DEAE8E9A1BDCE40500812967 /* Debug */,
				DEAE8E9B1BDCE40500812967 /* Release */,
			);
			defaultConfigurationIsVisible = 0;
			defaultConfigurationName = Release;
		};
/* End XCConfigurationList section */
	};
	rootObject = DEAE8E5E1BDCE40400812967 /* Project object */;
}
